// !$*UTF8*$!
{
	archiveVersion = 1;
	classes = {
	};
	objectVersion = 77;
	objects = {

/* Begin PBXContainerItemProxy section */
		C49C7AC1302C45BB002DA4C8 /* PBXContainerItemProxy */ = {
			isa = PBXContainerItemProxy;
			containerPortal = C49C7AAB302C45B9002DA4C8 /* Project object */;
			proxyType = 1;
			remoteGlobalIDString = C49C7AB2302C45B9002DA4C8;
			remoteInfo = "Demo-viper-iOS";
		};
		C49C7ACB302C45BB002DA4C8 /* PBXContainerItemProxy */ = {
			isa = PBXContainerItemProxy;
			containerPortal = C49C7AAB302C45B9002DA4C8 /* Project object */;
			proxyType = 1;
			remoteGlobalIDString = C49C7AB2302C45B9002DA4C8;
			remoteInfo = "Demo-viper-iOS";
		};
/* End PBXContainerItemProxy section */

/* Begin PBXFileReference section */
		C49C7AB3302C45B9002DA4C8 /* Demo-viper-iOS.app */ = {isa = PBXFileReference; explicitFileType = wrapper.application; includeInIndex = 0; path = "Demo-viper-iOS.app"; sourceTree = BUILT_PRODUCTS_DIR; };
		C49C7AC0302C45BB002DA4C8 /* Demo-viper-iOSTests.xctest */ = {isa = PBXFileReference; explicitFileType = wrapper.cfbundle; includeInIndex = 0; path = "Demo-viper-iOSTests.xctest"; sourceTree = BUILT_PRODUCTS_DIR; };
		C49C7ACA302C45BB002DA4C8 /* Demo-viper-iOSUITests.xctest */ = {isa = PBXFileReference; explicitFileType = wrapper.cfbundle; includeInIndex = 0; path = "Demo-viper-iOSUITests.xctest"; sourceTree = BUILT_PRODUCTS_DIR; };
/* End PBXFileReference section */

/* Begin PBXFileSystemSynchronizedRootGroup section */
		C49C7AB5302C45B9002DA4C8 /* Demo-viper-iOS */ = {
			isa = PBXFileSystemSynchronizedRootGroup;
			path = "Demo-viper-iOS";
			sourceTree = "<group>";
		};
		C49C7AC3302C45BB002DA4C8 /* Demo-viper-iOSTests */ = {
			isa = PBXFileSystemSynchronizedRootGroup;
			path = "Demo-viper-iOSTests";
			sourceTree = "<group>";
		};
		C49C7ACD302C45BB002DA4C8 /* Demo-viper-iOSUITests */ = {
			isa = PBXFileSystemSynchronizedRootGroup;
			path = "Demo-viper-iOSUITests";
			sourceTree = "<group>";
		};
/* End PBXFileSystemSynchronizedRootGroup section */

/* Begin PBXFrameworksBuildPhase section */
		C49C7AB0302C45B9002DA4C8 /* Frameworks */ = {
			isa = PBXFrameworksBuildPhase;
			buildActionMask = 2147483647;
			files = (
			);
			runOnlyForDeploymentPostprocessing = 0;
		};
		C49C7ABD302C45BB002DA4C8 /* Frameworks */ = {
			isa = PBXFrameworksBuildPhase;
			buildActionMask = 2147483647;
			files = (
			);
			runOnlyForDeploymentPostprocessing = 0;
		};
		C49C7AC7302C45BB002DA4C8 /* Frameworks */ = {
			isa = PBXFrameworksBuildPhase;
			buildActionMask = 2147483647;
			files = (
			);
			runOnlyForDeploymentPostprocessing = 0;
		};
/* End PBXFrameworksBuildPhase section */

/* Begin PBXGroup section */
		C49C7AAA302C45B9002DA4C8 = {
			isa = PBXGroup;
			children = (
				C49C7AB5302C45B9002DA4C8 /* Demo-viper-iOS */,
				C49C7AC3302C45BB002DA4C8 /* Demo-viper-iOSTests */,
				C49C7ACD302C45BB002DA4C8 /* Demo-viper-iOSUITests */,
				C49C7AB4302C45B9002DA4C8 /* Products */,
			);
			sourceTree = "<group>";
		};
		C49C7AB4302C45B9002DA4C8 /* Products */ = {
			isa = PBXGroup;
			children = (
				C49C7AB3302C45B9002DA4C8 /* Demo-viper-iOS.app */,
				C49C7AC0302C45BB002DA4C8 /* Demo-viper-iOSTests.xctest */,
				C49C7ACA302C45BB002DA4C8 /* Demo-viper-iOSUITests.xctest */,
			);
			name = Products;
			sourceTree = "<group>";
		};
/* End PBXGroup section */

/* Begin PBXNativeTarget section */
		C49C7AB2302C45B9002DA4C8 /* Demo-viper-iOS */ = {
			isa = PBXNativeTarget;
			buildConfigurationList = C49C7AD4302C45BB002DA4C8 /* Build configuration list for PBXNativeTarget "Demo-viper-iOS" */;
			buildPhases = (
				C49C7AAF302C45B9002DA4C8 /* Sources */,
				C49C7AB0302C45B9002DA4C8 /* Frameworks */,
				C49C7AB1302C45B9002DA4C8 /* Resources */,
			);
			buildRules = (
			);
			dependencies = (
			);
			fileSystemSynchronizedGroups = (
				C49C7AB5302C45B9002DA4C8 /* Demo-viper-iOS */,
			);
			name = "Demo-viper-iOS";
			packageProductDependencies = (
			);
			productName = "Demo-viper-iOS";
			productReference = C49C7AB3302C45B9002DA4C8 /* Demo-viper-iOS.app */;
			productType = "com.apple.product-type.application";
		};
		C49C7ABF302C45BB002DA4C8 /* Demo-viper-iOSTests */ = {
			isa = PBXNativeTarget;
			buildConfigurationList = C49C7AD7302C45BB002DA4C8 /* Build configuration list for PBXNativeTarget "Demo-viper-iOSTests" */;
			buildPhases = (
				C49C7ABC302C45BB002DA4C8 /* Sources */,
				C49C7ABD302C45BB002DA4C8 /* Frameworks */,
				C49C7ABE302C45BB002DA4C8 /* Resources */,
			);
			buildRules = (
			);
			dependencies = (
				C49C7AC2302C45BB002DA4C8 /* PBXTargetDependency */,
			);
			fileSystemSynchronizedGroups = (
				C49C7AC3302C45BB002DA4C8 /* Demo-viper-iOSTests */,
			);
			name = "Demo-viper-iOSTests";
			packageProductDependencies = (
			);
			productName = "Demo-viper-iOSTests";
			productReference = C49C7AC0302C45BB002DA4C8 /* Demo-viper-iOSTests.xctest */;
			productType = "com.apple.product-type.bundle.unit-test";
		};
		C49C7AC9302C45BB002DA4C8 /* Demo-viper-iOSUITests */ = {
			isa = PBXNativeTarget;
			buildConfigurationList = C49C7ADA302C45BB002DA4C8 /* Build configuration list for PBXNativeTarget "Demo-viper-iOSUITests" */;
			buildPhases = (
				C49C7AC6302C45BB002DA4C8 /* Sources */,
				C49C7AC7302C45BB002DA4C8 /* Frameworks */,
				C49C7AC8302C45BB002DA4C8 /* Resources */,
			);
			buildRules = (
			);
			dependencies = (
				C49C7ACC302C45BB002DA4C8 /* PBXTargetDependency */,
			);
			fileSystemSynchronizedGroups = (
				C49C7ACD302C45BB002DA4C8 /* Demo-viper-iOSUITests */,
			);
			name = "Demo-viper-iOSUITests";
			packageProductDependencies = (
			);
			productName = "Demo-viper-iOSUITests";
			productReference = C49C7ACA302C45BB002DA4C8 /* Demo-viper-iOSUITests.xctest */;
			productType = "com.apple.product-type.bundle.ui-testing";
		};
/* End PBXNativeTarget section */

/* Begin PBXProject section */
		C49C7AAB302C45B9002DA4C8 /* Project object */ = {
			isa = PBXProject;
			attributes = {
				BuildIndependentTargetsInParallel = 1;
				LastSwiftUpdateCheck = 2660;
				LastUpgradeCheck = 2660;
				TargetAttributes = {
					C49C7AB2302C45B9002DA4C8 = {
						CreatedOnToolsVersion = 26.6;
					};
					C49C7ABF302C45BB002DA4C8 = {
						CreatedOnToolsVersion = 26.6;
						TestTargetID = C49C7AB2302C45B9002DA4C8;
					};
					C49C7AC9302C45BB002DA4C8 = {
						CreatedOnToolsVersion = 26.6;
						TestTargetID = C49C7AB2302C45B9002DA4C8;
					};
				};
			};
			buildConfigurationList = C49C7AAE302C45B9002DA4C8 /* Build configuration list for PBXProject "Demo-viper-iOS" */;
			developmentRegion = en;
			hasScannedForEncodings = 0;
			knownRegions = (
				en,
				Base,
			);
			mainGroup = C49C7AAA302C45B9002DA4C8;
			minimizedProjectReferenceProxies = 1;
			preferredProjectObjectVersion = 77;
			productRefGroup = C49C7AB4302C45B9002DA4C8 /* Products */;
			projectDirPath = "";
			projectRoot = "";
			targets = (
				C49C7AB2302C45B9002DA4C8 /* Demo-viper-iOS */,
				C49C7ABF302C45BB002DA4C8 /* Demo-viper-iOSTests */,
				C49C7AC9302C45BB002DA4C8 /* Demo-viper-iOSUITests */,
			);
		};
/* End PBXProject section */

/* Begin PBXResourcesBuildPhase section */
		C49C7AB1302C45B9002DA4C8 /* Resources */ = {
			isa = PBXResourcesBuildPhase;
			buildActionMask = 2147483647;
			files = (
			);
			runOnlyForDeploymentPostprocessing = 0;
		};
		C49C7ABE302C45BB002DA4C8 /* Resources */ = {
			isa = PBXResourcesBuildPhase;
			buildActionMask = 2147483647;
			files = (
			);
			runOnlyForDeploymentPostprocessing = 0;
		};
		C49C7AC8302C45BB002DA4C8 /* Resources */ = {
			isa = PBXResourcesBuildPhase;
			buildActionMask = 2147483647;
			files = (
			);
			runOnlyForDeploymentPostprocessing = 0;
		};
/* End PBXResourcesBuildPhase section */

/* Begin PBXSourcesBuildPhase section */
		C49C7AAF302C45B9002DA4C8 /* Sources */ = {
			isa = PBXSourcesBuildPhase;
			buildActionMask = 2147483647;
			files = (
			);
			runOnlyForDeploymentPostprocessing = 0;
		};
		C49C7ABC302C45BB002DA4C8 /* Sources */ = {
			isa = PBXSourcesBuildPhase;
			buildActionMask = 2147483647;
			files = (
			);
			runOnlyForDeploymentPostprocessing = 0;
		};
		C49C7AC6302C45BB002DA4C8 /* Sources */ = {
			isa = PBXSourcesBuildPhase;
			buildActionMask = 2147483647;
			files = (
			);
			runOnlyForDeploymentPostprocessing = 0;
		};
/* End PBXSourcesBuildPhase section */

/* Begin PBXTargetDependency section */
		C49C7AC2302C45BB002DA4C8 /* PBXTargetDependency */ = {
			isa = PBXTargetDependency;
			target = C49C7AB2302C45B9002DA4C8 /* Demo-viper-iOS */;
			targetProxy = C49C7AC1302C45BB002DA4C8 /* PBXContainerItemProxy */;
		};
		C49C7ACC302C45BB002DA4C8 /* PBXTargetDependency */ = {
			isa = PBXTargetDependency;
			target = C49C7AB2302C45B9002DA4C8 /* Demo-viper-iOS */;
			targetProxy = C49C7ACB302C45BB002DA4C8 /* PBXContainerItemProxy */;
		};
/* End PBXTargetDependency section */

/* Begin XCBuildConfiguration section */
		C49C7AD2302C45BB002DA4C8 /* Debug */ = {
			isa = XCBuildConfiguration;
			buildSettings = {
				ALWAYS_SEARCH_USER_PATHS = NO;
				ASSETCATALOG_COMPILER_GENERATE_SWIFT_ASSET_SYMBOL_EXTENSIONS = YES;
				CLANG_ANALYZER_NONNULL = YES;
				CLANG_ANALYZER_NUMBER_OBJECT_CONVERSION = YES_AGGRESSIVE;
				CLANG_CXX_LANGUAGE_STANDARD = "gnu++20";
				CLANG_ENABLE_MODULES = YES;
				CLANG_ENABLE_OBJC_ARC = YES;
				CLANG_ENABLE_OBJC_WEAK = YES;
				CLANG_WARN_BLOCK_CAPTURE_AUTORELEASING = YES;
				CLANG_WARN_BOOL_CONVERSION = YES;
				CLANG_WARN_COMMA = YES;
				CLANG_WARN_CONSTANT_CONVERSION = YES;
				CLANG_WARN_DEPRECATED_OBJC_IMPLEMENTATIONS = YES;
				CLANG_WARN_DIRECT_OBJC_ISA_USAGE = YES_ERROR;
				CLANG_WARN_DOCUMENTATION_COMMENTS = YES;
				CLANG_WARN_EMPTY_BODY = YES;
				CLANG_WARN_ENUM_CONVERSION = YES;
				CLANG_WARN_INFINITE_RECURSION = YES;
				CLANG_WARN_INT_CONVERSION = YES;
				CLANG_WARN_NON_LITERAL_NULL_CONVERSION = YES;
				CLANG_WARN_OBJC_IMPLICIT_RETAIN_SELF = YES;
				CLANG_WARN_OBJC_LITERAL_CONVERSION = YES;
				CLANG_WARN_OBJC_ROOT_CLASS = YES_ERROR;
				CLANG_WARN_QUOTED_INCLUDE_IN_FRAMEWORK_HEADER = YES;
				CLANG_WARN_RANGE_LOOP_ANALYSIS = YES;
				CLANG_WARN_STRICT_PROTOTYPES = YES;
				CLANG_WARN_SUSPICIOUS_MOVE = YES;
				CLANG_WARN_UNGUARDED_AVAILABILITY = YES_AGGRESSIVE;
				CLANG_WARN_UNREACHABLE_CODE = YES;
				CLANG_WARN__DUPLICATE_METHOD_MATCH = YES;
				COPY_PHASE_STRIP = NO;
				DEBUG_INFORMATION_FORMAT = dwarf;
				DEVELOPMENT_TEAM = DJVYK43DXB;
				ENABLE_STRICT_OBJC_MSGSEND = YES;
				ENABLE_TESTABILITY = YES;
				ENABLE_USER_SCRIPT_SANDBOXING = YES;
				GCC_C_LANGUAGE_STANDARD = gnu17;
				GCC_DYNAMIC_NO_PIC = NO;
				GCC_NO_COMMON_BLOCKS = YES;
				GCC_OPTIMIZATION_LEVEL = 0;
				GCC_PREPROCESSOR_DEFINITIONS = (
					"DEBUG=1",
					"$(inherited)",
				);
				GCC_WARN_64_TO_32_BIT_CONVERSION = YES;
				GCC_WARN_ABOUT_RETURN_TYPE = YES_ERROR;
				GCC_WARN_UNDECLARED_SELECTOR = YES;
				GCC_WARN_UNINITIALIZED_AUTOS = YES_AGGRESSIVE;
				GCC_WARN_UNUSED_FUNCTION = YES;
				GCC_WARN_UNUSED_VARIABLE = YES;
				IPHONEOS_DEPLOYMENT_TARGET = 26.5;
				LOCALIZATION_PREFERS_STRING_CATALOGS = YES;
				MTL_ENABLE_DEBUG_INFO = INCLUDE_SOURCE;
				MTL_FAST_MATH = YES;
				ONLY_ACTIVE_ARCH = YES;
				SDKROOT = iphoneos;
				SWIFT_ACTIVE_COMPILATION_CONDITIONS = "DEBUG $(inherited)";
				SWIFT_OPTIMIZATION_LEVEL = "-Onone";
			};
			name = Debug;
		};
		C49C7AD3302C45BB002DA4C8 /* Release */ = {
			isa = XCBuildConfiguration;
			buildSettings = {
				ALWAYS_SEARCH_USER_PATHS = NO;
				ASSETCATALOG_COMPILER_GENERATE_SWIFT_ASSET_SYMBOL_EXTENSIONS = YES;
				CLANG_ANALYZER_NONNULL = YES;
				CLANG_ANALYZER_NUMBER_OBJECT_CONVERSION = YES_AGGRESSIVE;
				CLANG_CXX_LANGUAGE_STANDARD = "gnu++20";
				CLANG_ENABLE_MODULES = YES;
				CLANG_ENABLE_OBJC_ARC = YES;
				CLANG_ENABLE_OBJC_WEAK = YES;
				CLANG_WARN_BLOCK_CAPTURE_AUTORELEASING = YES;
				CLANG_WARN_BOOL_CONVERSION = YES;
				CLANG_WARN_COMMA = YES;
				CLANG_WARN_CONSTANT_CONVERSION = YES;
				CLANG_WARN_DEPRECATED_OBJC_IMPLEMENTATIONS = YES;
				CLANG_WARN_DIRECT_OBJC_ISA_USAGE = YES_ERROR;
				CLANG_WARN_DOCUMENTATION_COMMENTS = YES;
				CLANG_WARN_EMPTY_BODY = YES;
				CLANG_WARN_ENUM_CONVERSION = YES;
				CLANG_WARN_INFINITE_RECURSION = YES;
				CLANG_WARN_INT_CONVERSION = YES;
				CLANG_WARN_NON_LITERAL_NULL_CONVERSION = YES;
				CLANG_WARN_OBJC_IMPLICIT_RETAIN_SELF = YES;
				CLANG_WARN_OBJC_LITERAL_CONVERSION = YES;
				CLANG_WARN_OBJC_ROOT_CLASS = YES_ERROR;
				CLANG_WARN_QUOTED_INCLUDE_IN_FRAMEWORK_HEADER = YES;
				CLANG_WARN_RANGE_LOOP_ANALYSIS = YES;
				CLANG_WARN_STRICT_PROTOTYPES = YES;
				CLANG_WARN_SUSPICIOUS_MOVE = YES;
				CLANG_WARN_UNGUARDED_AVAILABILITY = YES_AGGRESSIVE;
				CLANG_WARN_UNREACHABLE_CODE = YES;
				CLANG_WARN__DUPLICATE_METHOD_MATCH = YES;
				COPY_PHASE_STRIP = NO;
				DEBUG_INFORMATION_FORMAT = "dwarf-with-dsym";
				DEVELOPMENT_TEAM = DJVYK43DXB;
				ENABLE_NS_ASSERTIONS = NO;
				ENABLE_STRICT_OBJC_MSGSEND = YES;
				ENABLE_USER_SCRIPT_SANDBOXING = YES;
				GCC_C_LANGUAGE_STANDARD = gnu17;
				GCC_NO_COMMON_BLOCKS = YES;
				GCC_WARN_64_TO_32_BIT_CONVERSION = YES;
				GCC_WARN_ABOUT_RETURN_TYPE = YES_ERROR;
				GCC_WARN_UNDECLARED_SELECTOR = YES;
				GCC_WARN_UNINITIALIZED_AUTOS = YES_AGGRESSIVE;
				GCC_WARN_UNUSED_FUNCTION = YES;
				GCC_WARN_UNUSED_VARIABLE = YES;
				IPHONEOS_DEPLOYMENT_TARGET = 26.5;
				LOCALIZATION_PREFERS_STRING_CATALOGS = YES;
				MTL_ENABLE_DEBUG_INFO = NO;
				MTL_FAST_MATH = YES;
				SDKROOT = iphoneos;
				SWIFT_COMPILATION_MODE = wholemodule;
				VALIDATE_PRODUCT = YES;
			};
			name = Release;
		};
		C49C7AD5302C45BB002DA4C8 /* Debug */ = {
			isa = XCBuildConfiguration;
			buildSettings = {
				ASSETCATALOG_COMPILER_APPICON_NAME = AppIcon;
				ASSETCATALOG_COMPILER_GLOBAL_ACCENT_COLOR_NAME = AccentColor;
				CODE_SIGN_STYLE = Automatic;
				CURRENT_PROJECT_VERSION = 1;
				DEVELOPMENT_TEAM = DJVYK43DXB;
				ENABLE_PREVIEWS = YES;
				GENERATE_INFOPLIST_FILE = YES;
				INFOPLIST_KEY_UIApplicationSceneManifest_Generation = YES;
				INFOPLIST_KEY_UIApplicationSupportsIndirectInputEvents = YES;
				INFOPLIST_KEY_UILaunchScreen_Generation = YES;
				INFOPLIST_KEY_UISupportedInterfaceOrientations_iPad = "UIInterfaceOrientationPortrait UIInterfaceOrientationPortraitUpsideDown UIInterfaceOrientationLandscapeLeft UIInterfaceOrientationLandscapeRight";
				INFOPLIST_KEY_UISupportedInterfaceOrientations_iPhone = "UIInterfaceOrientationPortrait UIInterfaceOrientationLandscapeLeft UIInterfaceOrientationLandscapeRight";
				LD_RUNPATH_SEARCH_PATHS = (
					"$(inherited)",
					"@executable_path/Frameworks",
				);
				MARKETING_VERSION = 1.0;
				PRODUCT_BUNDLE_IDENTIFIER = "com.example.Demo-viper-iOS";
				PRODUCT_NAME = "$(TARGET_NAME)";
				STRING_CATALOG_GENERATE_SYMBOLS = YES;
				SWIFT_APPROACHABLE_CONCURRENCY = YES;
				SWIFT_DEFAULT_ACTOR_ISOLATION = MainActor;
				SWIFT_EMIT_LOC_STRINGS = YES;
				SWIFT_UPCOMING_FEATURE_MEMBER_IMPORT_VISIBILITY = YES;
				SWIFT_VERSION = 5.0;
				TARGETED_DEVICE_FAMILY = "1,2";
			};
			name = Debug;
		};
		C49C7AD6302C45BB002DA4C8 /* Release */ = {
			isa = XCBuildConfiguration;
			buildSettings = {
				ASSETCATALOG_COMPILER_APPICON_NAME = AppIcon;
				ASSETCATALOG_COMPILER_GLOBAL_ACCENT_COLOR_NAME = AccentColor;
				CODE_SIGN_STYLE = Automatic;
				CURRENT_PROJECT_VERSION = 1;
				DEVELOPMENT_TEAM = DJVYK43DXB;
				ENABLE_PREVIEWS = YES;
				GENERATE_INFOPLIST_FILE = YES;
				INFOPLIST_KEY_UIApplicationSceneManifest_Generation = YES;
				INFOPLIST_KEY_UIApplicationSupportsIndirectInputEvents = YES;
				INFOPLIST_KEY_UILaunchScreen_Generation = YES;
				INFOPLIST_KEY_UISupportedInterfaceOrientations_iPad = "UIInterfaceOrientationPortrait UIInterfaceOrientationPortraitUpsideDown UIInterfaceOrientationLandscapeLeft UIInterfaceOrientationLandscapeRight";
				INFOPLIST_KEY_UISupportedInterfaceOrientations_iPhone = "UIInterfaceOrientationPortrait UIInterfaceOrientationLandscapeLeft UIInterfaceOrientationLandscapeRight";
				LD_RUNPATH_SEARCH_PATHS = (
					"$(inherited)",
					"@executable_path/Frameworks",
				);
				MARKETING_VERSION = 1.0;
				PRODUCT_BUNDLE_IDENTIFIER = "com.example.Demo-viper-iOS";
				PRODUCT_NAME = "$(TARGET_NAME)";
				STRING_CATALOG_GENERATE_SYMBOLS = YES;
				SWIFT_APPROACHABLE_CONCURRENCY = YES;
				SWIFT_DEFAULT_ACTOR_ISOLATION = MainActor;
				SWIFT_EMIT_LOC_STRINGS = YES;
				SWIFT_UPCOMING_FEATURE_MEMBER_IMPORT_VISIBILITY = YES;
				SWIFT_VERSION = 5.0;
				TARGETED_DEVICE_FAMILY = "1,2";
			};
			name = Release;
		};
		C49C7AD8302C45BB002DA4C8 /* Debug */ = {
			isa = XCBuildConfiguration;
			buildSettings = {
				BUNDLE_LOADER = "$(TEST_HOST)";
				CODE_SIGN_STYLE = Automatic;
				CURRENT_PROJECT_VERSION = 1;
				DEVELOPMENT_TEAM = DJVYK43DXB;
				GENERATE_INFOPLIST_FILE = YES;
				IPHONEOS_DEPLOYMENT_TARGET = 26.5;
				MARKETING_VERSION = 1.0;
				PRODUCT_BUNDLE_IDENTIFIER = "com.example.Demo-viper-iOSTests";
				PRODUCT_NAME = "$(TARGET_NAME)";
				STRING_CATALOG_GENERATE_SYMBOLS = NO;
				SWIFT_APPROACHABLE_CONCURRENCY = YES;
				SWIFT_EMIT_LOC_STRINGS = NO;
				SWIFT_UPCOMING_FEATURE_MEMBER_IMPORT_VISIBILITY = YES;
				SWIFT_VERSION = 5.0;
				TARGETED_DEVICE_FAMILY = "1,2";
				TEST_HOST = "$(BUILT_PRODUCTS_DIR)/Demo-viper-iOS.app/$(BUNDLE_EXECUTABLE_FOLDER_PATH)/Demo-viper-iOS";
			};
			name = Debug;
		};
		C49C7AD9302C45BB002DA4C8 /* Release */ = {
			isa = XCBuildConfiguration;
			buildSettings = {
				BUNDLE_LOADER = "$(TEST_HOST)";
				CODE_SIGN_STYLE = Automatic;
				CURRENT_PROJECT_VERSION = 1;
				DEVELOPMENT_TEAM = DJVYK43DXB;
				GENERATE_INFOPLIST_FILE = YES;
				IPHONEOS_DEPLOYMENT_TARGET = 26.5;
				MARKETING_VERSION = 1.0;
				PRODUCT_BUNDLE_IDENTIFIER = "com.example.Demo-viper-iOSTests";
				PRODUCT_NAME = "$(TARGET_NAME)";
				STRING_CATALOG_GENERATE_SYMBOLS = NO;
				SWIFT_APPROACHABLE_CONCURRENCY = YES;
				SWIFT_EMIT_LOC_STRINGS = NO;
				SWIFT_UPCOMING_FEATURE_MEMBER_IMPORT_VISIBILITY = YES;
				SWIFT_VERSION = 5.0;
				TARGETED_DEVICE_FAMILY = "1,2";
				TEST_HOST = "$(BUILT_PRODUCTS_DIR)/Demo-viper-iOS.app/$(BUNDLE_EXECUTABLE_FOLDER_PATH)/Demo-viper-iOS";
			};
			name = Release;
		};
		C49C7ADB302C45BB002DA4C8 /* Debug */ = {
			isa = XCBuildConfiguration;
			buildSettings = {
				CODE_SIGN_STYLE = Automatic;
				CURRENT_PROJECT_VERSION = 1;
				DEVELOPMENT_TEAM = DJVYK43DXB;
				GENERATE_INFOPLIST_FILE = YES;
				MARKETING_VERSION = 1.0;
				PRODUCT_BUNDLE_IDENTIFIER = "com.example.Demo-viper-iOSUITests";
				PRODUCT_NAME = "$(TARGET_NAME)";
				STRING_CATALOG_GENERATE_SYMBOLS = NO;
				SWIFT_APPROACHABLE_CONCURRENCY = YES;
				SWIFT_EMIT_LOC_STRINGS = NO;
				SWIFT_UPCOMING_FEATURE_MEMBER_IMPORT_VISIBILITY = YES;
				SWIFT_VERSION = 5.0;
				TARGETED_DEVICE_FAMILY = "1,2";
				TEST_TARGET_NAME = "Demo-viper-iOS";
			};
			name = Debug;
		};
		C49C7ADC302C45BB002DA4C8 /* Release */ = {
			isa = XCBuildConfiguration;
			buildSettings = {
				CODE_SIGN_STYLE = Automatic;
				CURRENT_PROJECT_VERSION = 1;
				DEVELOPMENT_TEAM = DJVYK43DXB;
				GENERATE_INFOPLIST_FILE = YES;
				MARKETING_VERSION = 1.0;
				PRODUCT_BUNDLE_IDENTIFIER = "com.example.Demo-viper-iOSUITests";
				PRODUCT_NAME = "$(TARGET_NAME)";
				STRING_CATALOG_GENERATE_SYMBOLS = NO;
				SWIFT_APPROACHABLE_CONCURRENCY = YES;
				SWIFT_EMIT_LOC_STRINGS = NO;
				SWIFT_UPCOMING_FEATURE_MEMBER_IMPORT_VISIBILITY = YES;
				SWIFT_VERSION = 5.0;
				TARGETED_DEVICE_FAMILY = "1,2";
				TEST_TARGET_NAME = "Demo-viper-iOS";
			};
			name = Release;
		};
/* End XCBuildConfiguration section */

/* Begin XCConfigurationList section */
		C49C7AAE302C45B9002DA4C8 /* Build configuration list for PBXProject "Demo-viper-iOS" */ = {
			isa = XCConfigurationList;
			buildConfigurations = (
				C49C7AD2302C45BB002DA4C8 /* Debug */,
				C49C7AD3302C45BB002DA4C8 /* Release */,
			);
			defaultConfigurationIsVisible = 0;
			defaultConfigurationName = Release;
		};
		C49C7AD4302C45BB002DA4C8 /* Build configuration list for PBXNativeTarget "Demo-viper-iOS" */ = {
			isa = XCConfigurationList;
			buildConfigurations = (
				C49C7AD5302C45BB002DA4C8 /* Debug */,
				C49C7AD6302C45BB002DA4C8 /* Release */,
			);
			defaultConfigurationIsVisible = 0;
			defaultConfigurationName = Release;
		};
		C49C7AD7302C45BB002DA4C8 /* Build configuration list for PBXNativeTarget "Demo-viper-iOSTests" */ = {
			isa = XCConfigurationList;
			buildConfigurations = (
				C49C7AD8302C45BB002DA4C8 /* Debug */,
				C49C7AD9302C45BB002DA4C8 /* Release */,
			);
			defaultConfigurationIsVisible = 0;
			defaultConfigurationName = Release;
		};
		C49C7ADA302C45BB002DA4C8 /* Build configuration list for PBXNativeTarget "Demo-viper-iOSUITests" */ = {
			isa = XCConfigurationList;
			buildConfigurations = (
				C49C7ADB302C45BB002DA4C8 /* Debug */,
				C49C7ADC302C45BB002DA4C8 /* Release */,
			);
			defaultConfigurationIsVisible = 0;
			defaultConfigurationName = Release;
		};
/* End XCConfigurationList section */
	};
	rootObject = C49C7AAB302C45B9002DA4C8 /* Project object */;
}
